
Microsoft Visual Studio Solution File, Format Version 12.00
# Visual Studio Version 17
VisualStudioVersion = 17.0.31903.59
MinimumVisualStudioVersion = 10.0.40219.1
Project("{2150E333-8FDC-42A3-9474-1A3956D46DE8}") = "src", "src", "{827E0CD3-B72D-47B6-A68D-7590B98EB39B}"
EndProject
Project("{2150E333-8FDC-42A3-9474-1A3956D46DE8}") = "Worker", "Worker", "{89BA21D6-604E-9DA1-5F6C-9062FD58212E}"
EndProject
Project("{FAE04EC0-301F-11D3-BF4B-00C04F79EFBC}") = "PSP.Template.Worker", "src\Worker\PSP.Template.Worker\PSP.Template.Worker.csproj", "{A09D2E0A-A817-4B4A-B7CC-3769AF0871D1}"
EndProject
Project("{2150E333-8FDC-42A3-9474-1A3956D46DE8}") = "Shared", "Shared", "{C8E42992-5E42-0C2B-DBFE-AA848D06431C}"
EndProject
Project("{FAE04EC0-301F-11D3-BF4B-00C04F79EFBC}") = "PSP.Shared.Infrastructure", "src\Shared\PSP.Shared.Infrastructure\PSP.Shared.Infrastructure.csproj", "{2E973577-D2E8-41CE-B777-C0919D89E470}"
EndProject
Project("{2150E333-8FDC-42A3-9474-1A3956D46DE8}") = "Orchestration", "Orchestration", "{8B260A08-A83E-5A86-27DB-EBC08B683631}"
EndProject
Project("{FAE04EC0-301F-11D3-BF4B-00C04F79EFBC}") = "PSP.AppHost.App", "src\Orchestration\PSP.AppHost.App\PSP.AppHost.App.csproj", "{F95681B3-90B2-4BFC-AEFE-A60795D648F8}"
EndProject
Project("{FAE04EC0-301F-11D3-BF4B-00C04F79EFBC}") = "PSP.ServiceDefaults", "src\Orchestration\PSP.ServiceDefaults\PSP.ServiceDefaults.csproj", "{133495C3-BEF2-48B8-8DE5-FEB229535922}"
EndProject
Project("{FAE04EC0-301F-11D3-BF4B-00C04F79EFBC}") = "PSP.Template.Contracts", "src\Shared\PSP.Template.Contracts\PSP.Template.Contracts.csproj", "{6B38838C-5B30-4736-96A2-4A59680828CF}"
EndProject
Project("{FAE04EC0-301F-11D3-BF4B-00C04F79EFBC}") = "PSP.Template1.Worker", "src\Worker\PSP.Template1.Worker\PSP.Template1.Worker.csproj", "{4E1AD583-5B92-492F-914C-1E0B227367E1}"
EndProject
Global
	GlobalSection(SolutionConfigurationPlatforms) = preSolution
		Debug|Any CPU = Debug|Any CPU
		Debug|x64 = Debug|x64
		Debug|x86 = Debug|x86
		Release|Any CPU = Release|Any CPU
		Release|x64 = Release|x64
		Release|x86 = Release|x86
	EndGlobalSection
	GlobalSection(ProjectConfigurationPlatforms) = postSolution
		{A09D2E0A-A817-4B4A-B7CC-3769AF0871D1}.Debug|Any CPU.ActiveCfg = Debug|Any CPU
		{A09D2E0A-A817-4B4A-B7CC-3769AF0871D1}.Debug|Any CPU.Build.0 = Debug|Any CPU
		{A09D2E0A-A817-4B4A-B7CC-3769AF0871D1}.Debug|x64.ActiveCfg = Debug|Any CPU
		{A09D2E0A-A817-4B4A-B7CC-3769AF0871D1}.Debug|x64.Build.0 = Debug|Any CPU
		{A09D2E0A-A817-4B4A-B7CC-3769AF0871D1}.Debug|x86.ActiveCfg = Debug|Any CPU
		{A09D2E0A-A817-4B4A-B7CC-3769AF0871D1}.Debug|x86.Build.0 = Debug|Any CPU
		{A09D2E0A-A817-4B4A-B7CC-3769AF0871D1}.Release|Any CPU.ActiveCfg = Release|Any CPU
		{A09D2E0A-A817-4B4A-B7CC-3769AF0871D1}.Release|Any CPU.Build.0 = Release|Any CPU
		{A09D2E0A-A817-4B4A-B7CC-3769AF0871D1}.Release|x64.ActiveCfg = Release|Any CPU
		{A09D2E0A-A817-4B4A-B7CC-3769AF0871D1}.Release|x64.Build.0 = Release|Any CPU
		{A09D2E0A-A817-4B4A-B7CC-3769AF0871D1}.Release|x86.ActiveCfg = Release|Any CPU
		{A09D2E0A-A817-4B4A-B7CC-3769AF0871D1}.Release|x86.Build.0 = Release|Any CPU
		{2E973577-D2E8-41CE-B777-C0919D89E470}.Debug|Any CPU.ActiveCfg = Debug|Any CPU
		{2E973577-D2E8-41CE-B777-C0919D89E470}.Debug|Any CPU.Build.0 = Debug|Any CPU
		{2E973577-D2E8-41CE-B777-C0919D89E470}.Debug|x64.ActiveCfg = Debug|Any CPU
		{2E973577-D2E8-41CE-B777-C0919D89E470}.Debug|x64.Build.0 = Debug|Any CPU
		{2E973577-D2E8-41CE-B777-C0919D89E470}.Debug|x86.ActiveCfg = Debug|Any CPU
		{2E973577-D2E8-41CE-B777-C0919D89E470}.Debug|x86.Build.0 = Debug|Any CPU
		{2E973577-D2E8-41CE-B777-C0919D89E470}.Release|Any CPU.ActiveCfg = Release|Any CPU
		{2E973577-D2E8-41CE-B777-C0919D89E470}.Release|Any CPU.Build.0 = Release|Any CPU
		{2E973577-D2E8-41CE-B777-C0919D89E470}.Release|x64.ActiveCfg = Release|Any CPU
		{2E973577-D2E8-41CE-B777-C0919D89E470}.Release|x64.Build.0 = Release|Any CPU
		{2E973577-D2E8-41CE-B777-C0919D89E470}.Release|x86.ActiveCfg = Release|Any CPU
		{2E973577-D2E8-41CE-B777-C0919D89E470}.Release|x86.Build.0 = Release|Any CPU
		{F95681B3-90B2-4BFC-AEFE-A60795D648F8}.Debug|Any CPU.ActiveCfg = Debug|Any CPU
		{F95681B3-90B2-4BFC-AEFE-A60795D648F8}.Debug|Any CPU.Build.0 = Debug|Any CPU
		{F95681B3-90B2-4BFC-AEFE-A60795D648F8}.Debug|x64.ActiveCfg = Debug|Any CPU
		{F95681B3-90B2-4BFC-AEFE-A60795D648F8}.Debug|x64.Build.0 = Debug|Any CPU
		{F95681B3-90B2-4BFC-AEFE-A60795D648F8}.Debug|x86.ActiveCfg = Debug|Any CPU
		{F95681B3-90B2-4BFC-AEFE-A60795D648F8}.Debug|x86.Build.0 = Debug|Any CPU
		{F95681B3-90B2-4BFC-AEFE-A60795D648F8}.Release|Any CPU.ActiveCfg = Release|Any CPU
		{F95681B3-90B2-4BFC-AEFE-A60795D648F8}.Release|Any CPU.Build.0 = Release|Any CPU
		{F95681B3-90B2-4BFC-AEFE-A60795D648F8}.Release|x64.ActiveCfg = Release|Any CPU
		{F95681B3-90B2-4BFC-AEFE-A60795D648F8}.Release|x64.Build.0 = Release|Any CPU
		{F95681B3-90B2-4BFC-AEFE-A60795D648F8}.Release|x86.ActiveCfg = Release|Any CPU
		{F95681B3-90B2-4BFC-AEFE-A60795D648F8}.Release|x86.Build.0 = Release|Any CPU
		{133495C3-BEF2-48B8-8DE5-FEB229535922}.Debug|Any CPU.ActiveCfg = Debug|Any CPU
		{133495C3-BEF2-48B8-8DE5-FEB229535922}.Debug|Any CPU.Build.0 = Debug|Any CPU
		{133495C3-BEF2-48B8-8DE5-FEB229535922}.Debug|x64.ActiveCfg = Debug|Any CPU
		{133495C3-BEF2-48B8-8DE5-FEB229535922}.Debug|x64.Build.0 = Debug|Any CPU
		{133495C3-BEF2-48B8-8DE5-FEB229535922}.Debug|x86.ActiveCfg = Debug|Any CPU
		{133495C3-BEF2-48B8-8DE5-FEB229535922}.Debug|x86.Build.0 = Debug|Any CPU
		{133495C3-BEF2-48B8-8DE5-FEB229535922}.Release|Any CPU.ActiveCfg = Release|Any CPU
		{133495C3-BEF2-48B8-8DE5-FEB229535922}.Release|Any CPU.Build.0 = Release|Any CPU
		{133495C3-BEF2-48B8-8DE5-FEB229535922}.Release|x64.ActiveCfg = Release|Any CPU
		{133495C3-BEF2-48B8-8DE5-FEB229535922}.Release|x64.Build.0 = Release|Any CPU
		{133495C3-BEF2-48B8-8DE5-FEB229535922}.Release|x86.ActiveCfg = Release|Any CPU
		{133495C3-BEF2-48B8-8DE5-FEB229535922}.Release|x86.Build.0 = Release|Any CPU
		{6B38838C-5B30-4736-96A2-4A59680828CF}.Debug|Any CPU.ActiveCfg = Debug|Any CPU
		{6B38838C-5B30-4736-96A2-4A59680828CF}.Debug|Any CPU.Build.0 = Debug|Any CPU
		{6B38838C-5B30-4736-96A2-4A59680828CF}.Debug|x64.ActiveCfg = Debug|Any CPU
		{6B38838C-5B30-4736-96A2-4A59680828CF}.Debug|x64.Build.0 = Debug|Any CPU
		{6B38838C-5B30-4736-96A2-4A59680828CF}.Debug|x86.ActiveCfg = Debug|Any CPU
		{6B38838C-5B30-4736-96A2-4A59680828CF}.Debug|x86.Build.0 = Debug|Any CPU
		{6B38838C-5B30-4736-96A2-4A59680828CF}.Release|Any CPU.ActiveCfg = Release|Any CPU
		{6B38838C-5B30-4736-96A2-4A59680828CF}.Release|Any CPU.Build.0 = Release|Any CPU
		{6B38838C-5B30-4736-96A2-4A59680828CF}.Release|x64.ActiveCfg = Release|Any CPU
		{6B38838C-5B30-4736-96A2-4A59680828CF}.Release|x64.Build.0 = Release|Any CPU
		{6B38838C-5B30-4736-96A2-4A59680828CF}.Release|x86.ActiveCfg = Release|Any CPU
		{6B38838C-5B30-4736-96A2-4A59680828CF}.Release|x86.Build.0 = Release|Any CPU
		{4E1AD583-5B92-492F-914C-1E0B227367E1}.Debug|Any CPU.ActiveCfg = Debug|Any CPU
		{4E1AD583-5B92-492F-914C-1E0B227367E1}.Debug|Any CPU.Build.0 = Debug|Any CPU
		{4E1AD583-5B92-492F-914C-1E0B227367E1}.Debug|x64.ActiveCfg = Debug|Any CPU
		{4E1AD583-5B92-492F-914C-1E0B227367E1}.Debug|x64.Build.0 = Debug|Any CPU
		{4E1AD583-5B92-492F-914C-1E0B227367E1}.Debug|x86.ActiveCfg = Debug|Any CPU
		{4E1AD583-5B92-492F-914C-1E0B227367E1}.Debug|x86.Build.0 = Debug|Any CPU
		{4E1AD583-5B92-492F-914C-1E0B227367E1}.Release|Any CPU.ActiveCfg = Release|Any CPU
		{4E1AD583-5B92-492F-914C-1E0B227367E1}.Release|Any CPU.Build.0 = Release|Any CPU
		{4E1AD583-5B92-492F-914C-1E0B227367E1}.Release|x64.ActiveCfg = Release|Any CPU
		{4E1AD583-5B92-492F-914C-1E0B227367E1}.Release|x64.Build.0 = Release|Any CPU
		{4E1AD583-5B92-492F-914C-1E0B227367E1}.Release|x86.ActiveCfg = Release|Any CPU
		{4E1AD583-5B92-492F-914C-1E0B227367E1}.Release|x86.Build.0 = Release|Any CPU
	EndGlobalSection
	GlobalSection(SolutionProperties) = preSolution
		HideSolutionNode = FALSE
	EndGlobalSection
	GlobalSection(NestedProjects) = preSolution
		{89BA21D6-604E-9DA1-5F6C-9062FD58212E} = {827E0CD3-B72D-47B6-A68D-7590B98EB39B}
		{A09D2E0A-A817-4B4A-B7CC-3769AF0871D1} = {89BA21D6-604E-9DA1-5F6C-9062FD58212E}
		{C8E42992-5E42-0C2B-DBFE-AA848D06431C} = {827E0CD3-B72D-47B6-A68D-7590B98EB39B}
		{2E973577-D2E8-41CE-B777-C0919D89E470} = {C8E42992-5E42-0C2B-DBFE-AA848D06431C}
		{8B260A08-A83E-5A86-27DB-EBC08B683631} = {827E0CD3-B72D-47B6-A68D-7590B98EB39B}
		{F95681B3-90B2-4BFC-AEFE-A60795D648F8} = {8B260A08-A83E-5A86-27DB-EBC08B683631}
		{133495C3-BEF2-48B8-8DE5-FEB229535922} = {8B260A08-A83E-5A86-27DB-EBC08B683631}
		{6B38838C-5B30-4736-96A2-4A59680828CF} = {C8E42992-5E42-0C2B-DBFE-AA848D06431C}
		{4E1AD583-5B92-492F-914C-1E0B227367E1} = {89BA21D6-604E-9DA1-5F6C-9062FD58212E}
	EndGlobalSection
EndGlobal
